
Microsoft Visual Studio Solution File, Format Version 12.00
# Visual Studio Version 17
VisualStudioVersion = 17.2.32630.192
MinimumVisualStudioVersion = 10.0.40219.1
Project("{FAE04EC0-301F-11D3-BF4B-00C04F79EFBC}") = "DLSConverter", "DLSConverter\DLSConverter.csproj", "{2321A0BC-E1D1-4D8C-9E2A-84AD0E465113}"
EndProject
Global
	GlobalSection(SolutionConfigurationPlatforms) = preSolution
		Debug|Any CPU = Debug|Any CPU
		Release|Any CPU = Release|Any CPU
	EndGlobalSection
	GlobalSection(ProjectConfigurationPlatforms) = postSolution
		{2321A0BC-E1D1-4D8C-9E2A-84AD0E465113}.Debug|Any CPU.ActiveCfg = Debug|Any CPU
		{2321A0BC-E1D1-4D8C-9E2A-84AD0E465113}.Debug|Any CPU.Build.0 = Debug|Any CPU
		{2321A0BC-E1D1-4D8C-9E2A-84AD0E465113}.Release|Any CPU.ActiveCfg = Release|Any CPU
		{2321A0BC-E1D1-4D8C-9E2A-84AD0E465113}.Release|Any CPU.Build.0 = Release|Any CPU
	EndGlobalSection
	GlobalSection(SolutionProperties) = preSolution
		HideSolutionNode = FALSE
	EndGlobalSection
	GlobalSection(ExtensibilityGlobals) = postSolution
		SolutionGuid = {EDF514D0-1670-47B3-A559-C7961C29AC03}
	EndGlobalSection
EndGlobal
